
Microsoft Visual Studio Solution File, Format Version 12.00
Project("{FAE04EC0-301F-11D3-BF4B-00C04F79EFBC}") = "csvParsNPush", "csvParsNPush\csvParsNPush.csproj", "{FD13B07F-0335-4BA8-BD5A-C6201D9E426F}"
EndProject
Global
	GlobalSection(SolutionConfigurationPlatforms) = preSolution
		Debug|Any CPU = Debug|Any CPU
		Release|Any CPU = Release|Any CPU
	EndGlobalSection
	GlobalSection(ProjectConfigurationPlatforms) = postSolution
		{FD13B07F-0335-4BA8-BD5A-C6201D9E426F}.Debug|Any CPU.ActiveCfg = Debug|Any CPU
		{FD13B07F-0335-4BA8-BD5A-C6201D9E426F}.Debug|Any CPU.Build.0 = Debug|Any CPU
		{FD13B07F-0335-4BA8-BD5A-C6201D9E426F}.Release|Any CPU.ActiveCfg = Release|Any CPU
		{FD13B07F-0335-4BA8-BD5A-C6201D9E426F}.Release|Any CPU.Build.0 = Release|Any CPU
	EndGlobalSection
EndGlobal
